
Microsoft Visual Studio Solution File, Format Version 12.00
# Visual Studio Version 17
VisualStudioVersion = 17.3.32901.215
MinimumVisualStudioVersion = 10.0.40219.1
Project("{FAE04EC0-301F-11D3-BF4B-00C04F79EFBC}") = "B2C2 2023 Inleveropdracht MVC", "B2C2 2023 Inleveropdracht MVC\B2C2 2023 Inleveropdracht MVC.csproj", "{D0F9A3A1-8387-44AB-9D46-879BC97ADD76}"
EndProject
Global
	GlobalSection(SolutionConfigurationPlatforms) = preSolution
		Debug|Any CPU = Debug|Any CPU
		Release|Any CPU = Release|Any CPU
	EndGlobalSection
	GlobalSection(ProjectConfigurationPlatforms) = postSolution
		{D0F9A3A1-8387-44AB-9D46-879BC97ADD76}.Debug|Any CPU.ActiveCfg = Debug|Any CPU
		{D0F9A3A1-8387-44AB-9D46-879BC97ADD76}.Debug|Any CPU.Build.0 = Debug|Any CPU
		{D0F9A3A1-8387-44AB-9D46-879BC97ADD76}.Release|Any CPU.ActiveCfg = Release|Any CPU
		{D0F9A3A1-8387-44AB-9D46-879BC97ADD76}.Release|Any CPU.Build.0 = Release|Any CPU
	EndGlobalSection
	GlobalSection(SolutionProperties) = preSolution
		HideSolutionNode = FALSE
	EndGlobalSection
	GlobalSection(ExtensibilityGlobals) = postSolution
		SolutionGuid = {994A63B6-82E3-4511-AD1B-C34ED91DAAB8}
	EndGlobalSection
EndGlobal
